
Microsoft Visual Studio Solution File, Format Version 12.00
# Visual Studio 15
Project("{FAE04EC0-301F-11D3-BF4B-00C04F79EFBC}") = "Unity.2D.Tilemap.Extras", "Unity.2D.Tilemap.Extras.csproj", "{ABDB56D1-D3B6-3658-E806-1319FD6D7FBC}"
EndProject
Project("{FAE04EC0-301F-11D3-BF4B-00C04F79EFBC}") = "Unity.2D.Tilemap.Extras.Editor", "Unity.2D.Tilemap.Extras.Editor.csproj", "{ADE1CCB1-D302-4AD4-6670-4EB37C502E56}"
EndProject
Project("{FAE04EC0-301F-11D3-BF4B-00C04F79EFBC}") = "Unity.2D.Tilemap.Extras.Placeholder.EditorTests", "Unity.2D.Tilemap.Extras.Placeholder.EditorTests.csproj", "{272BA5A2-A4C8-FBCE-3A3A-DF7806AA085B}"
EndProject
Global
	GlobalSection(SolutionConfigurationPlatforms) = preSolution
		Debug|Any CPU = Debug|Any CPU
		Release|Any CPU = Release|Any CPU
	EndGlobalSection
	GlobalSection(ProjectConfigurationPlatforms) = postSolution
		{ABDB56D1-D3B6-3658-E806-1319FD6D7FBC}.Debug|Any CPU.ActiveCfg = Debug|Any CPU
		{ABDB56D1-D3B6-3658-E806-1319FD6D7FBC}.Debug|Any CPU.Build.0 = Debug|Any CPU
		{ABDB56D1-D3B6-3658-E806-1319FD6D7FBC}.Release|Any CPU.ActiveCfg = Release|Any CPU
		{ABDB56D1-D3B6-3658-E806-1319FD6D7FBC}.Release|Any CPU.Build.0 = Release|Any CPU
		{ADE1CCB1-D302-4AD4-6670-4EB37C502E56}.Debug|Any CPU.ActiveCfg = Debug|Any CPU
		{ADE1CCB1-D302-4AD4-6670-4EB37C502E56}.Debug|Any CPU.Build.0 = Debug|Any CPU
		{ADE1CCB1-D302-4AD4-6670-4EB37C502E56}.Release|Any CPU.ActiveCfg = Release|Any CPU
		{ADE1CCB1-D302-4AD4-6670-4EB37C502E56}.Release|Any CPU.Build.0 = Release|Any CPU
		{272BA5A2-A4C8-FBCE-3A3A-DF7806AA085B}.Debug|Any CPU.ActiveCfg = Debug|Any CPU
		{272BA5A2-A4C8-FBCE-3A3A-DF7806AA085B}.Debug|Any CPU.Build.0 = Debug|Any CPU
		{272BA5A2-A4C8-FBCE-3A3A-DF7806AA085B}.Release|Any CPU.ActiveCfg = Release|Any CPU
		{272BA5A2-A4C8-FBCE-3A3A-DF7806AA085B}.Release|Any CPU.Build.0 = Release|Any CPU
	EndGlobalSection
	GlobalSection(SolutionProperties) = preSolution
		HideSolutionNode = FALSE
	EndGlobalSection
EndGlobal
